
Microsoft Visual Studio Solution File, Format Version 12.00
# Visual Studio Version 16
VisualStudioVersion = 25.0.1703.1
MinimumVisualStudioVersion = 10.0.40219.1
Project("{FAE04EC0-301F-11D3-BF4B-00C04F79EFBC}") = "M320", "M320\M320.csproj", "{B2344F91-94FB-484E-BBBD-6AD7A925AD78}"
EndProject
Global
	GlobalSection(SolutionConfigurationPlatforms) = preSolution
		Debug|Any CPU = Debug|Any CPU
		Release|Any CPU = Release|Any CPU
	EndGlobalSection
	GlobalSection(ProjectConfigurationPlatforms) = postSolution
		{B2344F91-94FB-484E-BBBD-6AD7A925AD78}.Debug|Any CPU.ActiveCfg = Debug|Any CPU
		{B2344F91-94FB-484E-BBBD-6AD7A925AD78}.Debug|Any CPU.Build.0 = Debug|Any CPU
		{B2344F91-94FB-484E-BBBD-6AD7A925AD78}.Release|Any CPU.ActiveCfg = Release|Any CPU
		{B2344F91-94FB-484E-BBBD-6AD7A925AD78}.Release|Any CPU.Build.0 = Release|Any CPU
	EndGlobalSection
	GlobalSection(SolutionProperties) = preSolution
		HideSolutionNode = FALSE
	EndGlobalSection
	GlobalSection(ExtensibilityGlobals) = postSolution
		SolutionGuid = {707F9343-A515-4CC6-8953-181B149D4E47}
	EndGlobalSection
EndGlobal
